
Microsoft Visual Studio Solution File, Format Version 12.00
# Visual Studio Version 16
VisualStudioVersion = 16.0.30907.101
MinimumVisualStudioVersion = 10.0.40219.1
Project("{FAE04EC0-301F-11D3-BF4B-00C04F79EFBC}") = "endlessDrill", "endlessDrill\endlessDrill.csproj", "{8F59131D-F862-4ED7-91F7-AA55FC508807}"
EndProject
Global
	GlobalSection(SolutionConfigurationPlatforms) = preSolution
		Debug|x64 = Debug|x64
	EndGlobalSection
	GlobalSection(ProjectConfigurationPlatforms) = postSolution
		{8F59131D-F862-4ED7-91F7-AA55FC508807}.Debug|x64.ActiveCfg = Debug|x64
		{8F59131D-F862-4ED7-91F7-AA55FC508807}.Debug|x64.Build.0 = Debug|x64
	EndGlobalSection
	GlobalSection(SolutionProperties) = preSolution
		HideSolutionNode = FALSE
	EndGlobalSection
	GlobalSection(ExtensibilityGlobals) = postSolution
		SolutionGuid = {8E051EC3-CA76-4E63-94DD-E2F63EF3AE09}
	EndGlobalSection
EndGlobal
